{
  "name": "bjc-demo",
  "domain": "automate-demo.com",
  "enterprise": "automate-demo",
  "org": "automate",
  "certs": [
    "automate",
    "chef",
    "compliance"
  ],
  "ttl": 8,
  "linux": "ubuntu",
  "version": "2.0.3",
  "products": {
    "chef": "stable-12.19.36",
    "chef-server": "stable-12.13.0",
    "chefdk": "stable-1.2.22",
    "compliance": "stable-1.8.12",
    "automate": "stable-0.7.85",
    "push-jobs-server": "stable-1.1.6",
    "manage": "stable-2.4.4"
  },
  "build-nodes": {
    "count": 3
  },
  "workstations": {
    "platform": "windows",
    "password": "RL9@T40BTmXh",
    "count": 15
  },
  "infranodes": {
    "ecomacceptance": {
      "environment": "acceptance-automate-demo-automate-bjc-ecommerce-master",
      "run_list": [
        "recipe[bjc-ecommerce]",
        "recipe[bjc_bass]"
      ]
    },
    "delivered": {
      "environment": "delivered",
      "run_list": [
        "recipe[bjc-ecommerce]",
        "recipe[bjc_bass]"
      ]
    },
    "rehearsal": {
      "environment": "rehearsal",
      "run_list": [
        "recipe[bjc-ecommerce]",
        "recipe[bjc_bass]"
      ]
    },
    "union": {
      "environment": "union",
      "run_list": [
        "recipe[bjc-ecommerce]",
        "recipe[bjc_bass]"
      ]
    }
  },
  "conf": {
    "key_dir": "packer/keys",
    "files_dir": "packer/files",
    "cookbook_dir": "cookbooks",
    "packer_dir": "packer",
    "template_dir": "templates",
    "log_dir": "packer/logs",
    "stack_dir": "stacks"
  },
  "aws": {
    "az": "us-west-2c",
    "keypair": "chef-demo-infra",
    "region": "us-west-2",
    "iam_roles": [
      "chefDemo"
    ],
    "source_image": {
      "ubuntu": "ami-70b67d10",
      "windows": "ami-1562d075",
      "centos": "ami-6d1c2007"
    }
  },
  "azure": {
    "location": "westus",
    "storage_account": "bjconazure",
    "use_managed_disks": true,
    "source_image": {
      "ubuntu": "Canonical:UbuntuServer:14.04.5-LTS",
      "windows": "MicrosoftWindowsServer:WindowsServer:2012-R2-Datacenter"
    }
  },
  "gce": {
    "zone": "us-east1-b",
    "source_image": {
      "ubuntu": "ubuntu-1404-trusty-v20160809a",
      "windows": "windows-server-2012-r2-dc-v20160809"
    }
  },
  "amis": {
    "us-west-2": {
      "workstation": {
        "9": "ami-dc2ea4bc",
        "14": "ami-032ca663",
        "6": "ami-4322a823",
        "1": "ami-b22fa5d2",
        "15": "ami-722fa512",
        "3": "ami-892ea4e9",
        "12": "ami-a82da7c8",
        "13": "ami-8f2ca6ef",
        "4": "ami-122fa572",
        "10": "ami-8d2ca6ed",
        "11": null,
        "7": "ami-cd2fa5ad",
        "8": "ami-132da773",
        "5": "ami-022fa562",
        "2": "ami-662da706"
      },
      "automate": "ami-072ca667",
      "build-node": {
        "1": "ami-f0159f90",
        "3": "ami-3329a353",
        "2": "ami-072da767"
      },
      "infranodes": {
        "rehearsal": "ami-0b2ca66b",
        "ecomacceptance": "ami-852da7e5",
        "delivered": "ami-f2159f92",
        "union": "ami-062fa566"
      },
      "compliance": "ami-9e2ba1fe",
      "chef-server": "ami-782fa518"
    }
  },
  "last_updated": "20170325191345"
}